
Microsoft Visual Studio Solution File, Format Version 12.00
# Visual Studio Version 16
VisualStudioVersion = 16.0.31729.503
MinimumVisualStudioVersion = 10.0.40219.1
Project("{FAE04EC0-301F-11D3-BF4B-00C04F79EFBC}") = "Pr_9_zad_2", "Pr_9_zad_2\Pr_9_zad_2.csproj", "{C70DAA91-2D82-4D32-AC58-754DA2486372}"
EndProject
Global
	GlobalSection(SolutionConfigurationPlatforms) = preSolution
		Debug|Any CPU = Debug|Any CPU
		Release|Any CPU = Release|Any CPU
	EndGlobalSection
	GlobalSection(ProjectConfigurationPlatforms) = postSolution
		{C70DAA91-2D82-4D32-AC58-754DA2486372}.Debug|Any CPU.ActiveCfg = Debug|Any CPU
		{C70DAA91-2D82-4D32-AC58-754DA2486372}.Debug|Any CPU.Build.0 = Debug|Any CPU
		{C70DAA91-2D82-4D32-AC58-754DA2486372}.Release|Any CPU.ActiveCfg = Release|Any CPU
		{C70DAA91-2D82-4D32-AC58-754DA2486372}.Release|Any CPU.Build.0 = Release|Any CPU
	EndGlobalSection
	GlobalSection(SolutionProperties) = preSolution
		HideSolutionNode = FALSE
	EndGlobalSection
	GlobalSection(ExtensibilityGlobals) = postSolution
		SolutionGuid = {266684BE-0EEB-4703-83B3-855DEC5B6E1C}
	EndGlobalSection
EndGlobal
